
Microsoft Visual Studio Solution File, Format Version 12.00
# Visual Studio 2013
VisualStudioVersion = 12.0.40629.0
MinimumVisualStudioVersion = 10.0.40219.1
Project("{FAE04EC0-301F-11D3-BF4B-00C04F79EFBC}") = "Digging Game 3-Camera Practice", "Digging Game 3-Camera Practice\Digging Game 3-Camera Practice.csproj", "{0B7C6EA3-F38D-4C6F-A016-07974824AF23}"
EndProject
Global
	GlobalSection(SolutionConfigurationPlatforms) = preSolution
		Debug|Any CPU = Debug|Any CPU
		Release|Any CPU = Release|Any CPU
	EndGlobalSection
	GlobalSection(ProjectConfigurationPlatforms) = postSolution
		{0B7C6EA3-F38D-4C6F-A016-07974824AF23}.Debug|Any CPU.ActiveCfg = Debug|Any CPU
		{0B7C6EA3-F38D-4C6F-A016-07974824AF23}.Debug|Any CPU.Build.0 = Debug|Any CPU
		{0B7C6EA3-F38D-4C6F-A016-07974824AF23}.Release|Any CPU.ActiveCfg = Release|Any CPU
		{0B7C6EA3-F38D-4C6F-A016-07974824AF23}.Release|Any CPU.Build.0 = Release|Any CPU
	EndGlobalSection
	GlobalSection(SolutionProperties) = preSolution
		HideSolutionNode = FALSE
	EndGlobalSection
EndGlobal
