
Microsoft Visual Studio Solution File, Format Version 12.00
# Visual Studio 14
VisualStudioVersion = 14.0.25420.1
MinimumVisualStudioVersion = 10.0.40219.1
Project("{FAE04EC0-301F-11D3-BF4B-00C04F79EFBC}") = "MegapolisClient", "MegapolisClient\MegapolisClient\MegapolisClient.csproj", "{509F3601-D1A3-4E44-A47C-F9379B7A1823}"
EndProject
Project("{FAE04EC0-301F-11D3-BF4B-00C04F79EFBC}") = "MegapolisClient.Droid", "MegapolisClient\MegapolisClient.Droid\MegapolisClient.Droid.csproj", "{65468153-50B7-489D-A00F-316423D642E1}"
EndProject
Project("{FAE04EC0-301F-11D3-BF4B-00C04F79EFBC}") = "MegapolisClient.iOS", "MegapolisClient\MegapolisClient.iOS\MegapolisClient.iOS.csproj", "{E500D76B-451A-49E1-A776-6DF6E106F882}"
EndProject
Project("{FAE04EC0-301F-11D3-BF4B-00C04F79EFBC}") = "MegapolisClient.UWP", "MegapolisClient\MegapolisClient.UWP\MegapolisClient.UWP.csproj", "{F7B975A4-35D5-48B5-8F7C-A49A4A320FEB}"
EndProject
Global
	GlobalSection(SolutionConfigurationPlatforms) = preSolution
		Ad-Hoc|Any CPU = Ad-Hoc|Any CPU
		Ad-Hoc|ARM = Ad-Hoc|ARM
		Ad-Hoc|iPhone = Ad-Hoc|iPhone
		Ad-Hoc|iPhoneSimulator = Ad-Hoc|iPhoneSimulator
		Ad-Hoc|x64 = Ad-Hoc|x64
		Ad-Hoc|x86 = Ad-Hoc|x86
		AppStore|Any CPU = AppStore|Any CPU
		AppStore|ARM = AppStore|ARM
		AppStore|iPhone = AppStore|iPhone
		AppStore|iPhoneSimulator = AppStore|iPhoneSimulator
		AppStore|x64 = AppStore|x64
		AppStore|x86 = AppStore|x86
		Debug|Any CPU = Debug|Any CPU
		Debug|ARM = Debug|ARM
		Debug|iPhone = Debug|iPhone
		Debug|iPhoneSimulator = Debug|iPhoneSimulator
		Debug|x64 = Debug|x64
		Debug|x86 = Debug|x86
		Release|Any CPU = Release|Any CPU
		Release|ARM = Release|ARM
		Release|iPhone = Release|iPhone
		Release|iPhoneSimulator = Release|iPhoneSimulator
		Release|x64 = Release|x64
		Release|x86 = Release|x86
	EndGlobalSection
	GlobalSection(ProjectConfigurationPlatforms) = postSolution
		{509F3601-D1A3-4E44-A47C-F9379B7A1823}.Ad-Hoc|Any CPU.ActiveCfg = Release|Any CPU
		{509F3601-D1A3-4E44-A47C-F9379B7A1823}.Ad-Hoc|Any CPU.Build.0 = Release|Any CPU
		{509F3601-D1A3-4E44-A47C-F9379B7A1823}.Ad-Hoc|ARM.ActiveCfg = Release|Any CPU
		{509F3601-D1A3-4E44-A47C-F9379B7A1823}.Ad-Hoc|ARM.Build.0 = Release|Any CPU
		{509F3601-D1A3-4E44-A47C-F9379B7A1823}.Ad-Hoc|iPhone.ActiveCfg = Release|Any CPU
		{509F3601-D1A3-4E44-A47C-F9379B7A1823}.Ad-Hoc|iPhone.Build.0 = Release|Any CPU
		{509F3601-D1A3-4E44-A47C-F9379B7A1823}.Ad-Hoc|iPhoneSimulator.ActiveCfg = Release|Any CPU
		{509F3601-D1A3-4E44-A47C-F9379B7A1823}.Ad-Hoc|iPhoneSimulator.Build.0 = Release|Any CPU
		{509F3601-D1A3-4E44-A47C-F9379B7A1823}.Ad-Hoc|x64.ActiveCfg = Release|Any CPU
		{509F3601-D1A3-4E44-A47C-F9379B7A1823}.Ad-Hoc|x64.Build.0 = Release|Any CPU
		{509F3601-D1A3-4E44-A47C-F9379B7A1823}.Ad-Hoc|x86.ActiveCfg = Release|Any CPU
		{509F3601-D1A3-4E44-A47C-F9379B7A1823}.Ad-Hoc|x86.Build.0 = Release|Any CPU
		{509F3601-D1A3-4E44-A47C-F9379B7A1823}.AppStore|Any CPU.ActiveCfg = Release|Any CPU
		{509F3601-D1A3-4E44-A47C-F9379B7A1823}.AppStore|Any CPU.Build.0 = Release|Any CPU
		{509F3601-D1A3-4E44-A47C-F9379B7A1823}.AppStore|ARM.ActiveCfg = Release|Any CPU
		{509F3601-D1A3-4E44-A47C-F9379B7A1823}.AppStore|ARM.Build.0 = Release|Any CPU
		{509F3601-D1A3-4E44-A47C-F9379B7A1823}.AppStore|iPhone.ActiveCfg = Release|Any CPU
		{509F3601-D1A3-4E44-A47C-F9379B7A1823}.AppStore|iPhone.Build.0 = Release|Any CPU
		{509F3601-D1A3-4E44-A47C-F9379B7A1823}.AppStore|iPhoneSimulator.ActiveCfg = Release|Any CPU
		{509F3601-D1A3-4E44-A47C-F9379B7A1823}.AppStore|iPhoneSimulator.Build.0 = Release|Any CPU
		{509F3601-D1A3-4E44-A47C-F9379B7A1823}.AppStore|x64.ActiveCfg = Release|Any CPU
		{509F3601-D1A3-4E44-A47C-F9379B7A1823}.AppStore|x64.Build.0 = Release|Any CPU
		{509F3601-D1A3-4E44-A47C-F9379B7A1823}.AppStore|x86.ActiveCfg = Release|Any CPU
		{509F3601-D1A3-4E44-A47C-F9379B7A1823}.AppStore|x86.Build.0 = Release|Any CPU
		{509F3601-D1A3-4E44-A47C-F9379B7A1823}.Debug|Any CPU.ActiveCfg = Debug|Any CPU
		{509F3601-D1A3-4E44-A47C-F9379B7A1823}.Debug|Any CPU.Build.0 = Debug|Any CPU
		{509F3601-D1A3-4E44-A47C-F9379B7A1823}.Debug|ARM.ActiveCfg = Debug|Any CPU
		{509F3601-D1A3-4E44-A47C-F9379B7A1823}.Debug|ARM.Build.0 = Debug|Any CPU
		{509F3601-D1A3-4E44-A47C-F9379B7A1823}.Debug|iPhone.ActiveCfg = Debug|Any CPU
		{509F3601-D1A3-4E44-A47C-F9379B7A1823}.Debug|iPhone.Build.0 = Debug|Any CPU
		{509F3601-D1A3-4E44-A47C-F9379B7A1823}.Debug|iPhoneSimulator.ActiveCfg = Debug|Any CPU
		{509F3601-D1A3-4E44-A47C-F9379B7A1823}.Debug|iPhoneSimulator.Build.0 = Debug|Any CPU
		{509F3601-D1A3-4E44-A47C-F9379B7A1823}.Debug|x64.ActiveCfg = Debug|Any CPU
		{509F3601-D1A3-4E44-A47C-F9379B7A1823}.Debug|x64.Build.0 = Debug|Any CPU
		{509F3601-D1A3-4E44-A47C-F9379B7A1823}.Debug|x86.ActiveCfg = Debug|Any CPU
		{509F3601-D1A3-4E44-A47C-F9379B7A1823}.Debug|x86.Build.0 = Debug|Any CPU
		{509F3601-D1A3-4E44-A47C-F9379B7A1823}.Release|Any CPU.ActiveCfg = Release|Any CPU
		{509F3601-D1A3-4E44-A47C-F9379B7A1823}.Release|Any CPU.Build.0 = Release|Any CPU
		{509F3601-D1A3-4E44-A47C-F9379B7A1823}.Release|ARM.ActiveCfg = Release|Any CPU
		{509F3601-D1A3-4E44-A47C-F9379B7A1823}.Release|ARM.Build.0 = Release|Any CPU
		{509F3601-D1A3-4E44-A47C-F9379B7A1823}.Release|iPhone.ActiveCfg = Release|Any CPU
		{509F3601-D1A3-4E44-A47C-F9379B7A1823}.Release|iPhone.Build.0 = Release|Any CPU
		{509F3601-D1A3-4E44-A47C-F9379B7A1823}.Release|iPhoneSimulator.ActiveCfg = Release|Any CPU
		{509F3601-D1A3-4E44-A47C-F9379B7A1823}.Release|iPhoneSimulator.Build.0 = Release|Any CPU
		{509F3601-D1A3-4E44-A47C-F9379B7A1823}.Release|x64.ActiveCfg = Release|Any CPU
		{509F3601-D1A3-4E44-A47C-F9379B7A1823}.Release|x64.Build.0 = Release|Any CPU
		{509F3601-D1A3-4E44-A47C-F9379B7A1823}.Release|x86.ActiveCfg = Release|Any CPU
		{509F3601-D1A3-4E44-A47C-F9379B7A1823}.Release|x86.Build.0 = Release|Any CPU
		{65468153-50B7-489D-A00F-316423D642E1}.Ad-Hoc|Any CPU.ActiveCfg = Release|Any CPU
		{65468153-50B7-489D-A00F-316423D642E1}.Ad-Hoc|Any CPU.Build.0 = Release|Any CPU
		{65468153-50B7-489D-A00F-316423D642E1}.Ad-Hoc|Any CPU.Deploy.0 = Release|Any CPU
		{65468153-50B7-489D-A00F-316423D642E1}.Ad-Hoc|ARM.ActiveCfg = Release|Any CPU
		{65468153-50B7-489D-A00F-316423D642E1}.Ad-Hoc|ARM.Build.0 = Release|Any CPU
		{65468153-50B7-489D-A00F-316423D642E1}.Ad-Hoc|ARM.Deploy.0 = Release|Any CPU
		{65468153-50B7-489D-A00F-316423D642E1}.Ad-Hoc|iPhone.ActiveCfg = Release|Any CPU
		{65468153-50B7-489D-A00F-316423D642E1}.Ad-Hoc|iPhone.Build.0 = Release|Any CPU
		{65468153-50B7-489D-A00F-316423D642E1}.Ad-Hoc|iPhone.Deploy.0 = Release|Any CPU
		{65468153-50B7-489D-A00F-316423D642E1}.Ad-Hoc|iPhoneSimulator.ActiveCfg = Release|Any CPU
		{65468153-50B7-489D-A00F-316423D642E1}.Ad-Hoc|iPhoneSimulator.Build.0 = Release|Any CPU
		{65468153-50B7-489D-A00F-316423D642E1}.Ad-Hoc|iPhoneSimulator.Deploy.0 = Release|Any CPU
		{65468153-50B7-489D-A00F-316423D642E1}.Ad-Hoc|x64.ActiveCfg = Release|Any CPU
		{65468153-50B7-489D-A00F-316423D642E1}.Ad-Hoc|x64.Build.0 = Release|Any CPU
		{65468153-50B7-489D-A00F-316423D642E1}.Ad-Hoc|x64.Deploy.0 = Release|Any CPU
		{65468153-50B7-489D-A00F-316423D642E1}.Ad-Hoc|x86.ActiveCfg = Release|Any CPU
		{65468153-50B7-489D-A00F-316423D642E1}.Ad-Hoc|x86.Build.0 = Release|Any CPU
		{65468153-50B7-489D-A00F-316423D642E1}.Ad-Hoc|x86.Deploy.0 = Release|Any CPU
		{65468153-50B7-489D-A00F-316423D642E1}.AppStore|Any CPU.ActiveCfg = Release|Any CPU
		{65468153-50B7-489D-A00F-316423D642E1}.AppStore|Any CPU.Build.0 = Release|Any CPU
		{65468153-50B7-489D-A00F-316423D642E1}.AppStore|Any CPU.Deploy.0 = Release|Any CPU
		{65468153-50B7-489D-A00F-316423D642E1}.AppStore|ARM.ActiveCfg = Release|Any CPU
		{65468153-50B7-489D-A00F-316423D642E1}.AppStore|ARM.Build.0 = Release|Any CPU
		{65468153-50B7-489D-A00F-316423D642E1}.AppStore|ARM.Deploy.0 = Release|Any CPU
		{65468153-50B7-489D-A00F-316423D642E1}.AppStore|iPhone.ActiveCfg = Release|Any CPU
		{65468153-50B7-489D-A00F-316423D642E1}.AppStore|iPhone.Build.0 = Release|Any CPU
		{65468153-50B7-489D-A00F-316423D642E1}.AppStore|iPhone.Deploy.0 = Release|Any CPU
		{65468153-50B7-489D-A00F-316423D642E1}.AppStore|iPhoneSimulator.ActiveCfg = Release|Any CPU
		{65468153-50B7-489D-A00F-316423D642E1}.AppStore|iPhoneSimulator.Build.0 = Release|Any CPU
		{65468153-50B7-489D-A00F-316423D642E1}.AppStore|iPhoneSimulator.Deploy.0 = Release|Any CPU
		{65468153-50B7-489D-A00F-316423D642E1}.AppStore|x64.ActiveCfg = Release|Any CPU
		{65468153-50B7-489D-A00F-316423D642E1}.AppStore|x64.Build.0 = Release|Any CPU
		{65468153-50B7-489D-A00F-316423D642E1}.AppStore|x64.Deploy.0 = Release|Any CPU
		{65468153-50B7-489D-A00F-316423D642E1}.AppStore|x86.ActiveCfg = Release|Any CPU
		{65468153-50B7-489D-A00F-316423D642E1}.AppStore|x86.Build.0 = Release|Any CPU
		{65468153-50B7-489D-A00F-316423D642E1}.AppStore|x86.Deploy.0 = Release|Any CPU
		{65468153-50B7-489D-A00F-316423D642E1}.Debug|Any CPU.ActiveCfg = Debug|Any CPU
		{65468153-50B7-489D-A00F-316423D642E1}.Debug|Any CPU.Build.0 = Debug|Any CPU
		{65468153-50B7-489D-A00F-316423D642E1}.Debug|Any CPU.Deploy.0 = Debug|Any CPU
		{65468153-50B7-489D-A00F-316423D642E1}.Debug|ARM.ActiveCfg = Debug|Any CPU
		{65468153-50B7-489D-A00F-316423D642E1}.Debug|ARM.Build.0 = Debug|Any CPU
		{65468153-50B7-489D-A00F-316423D642E1}.Debug|ARM.Deploy.0 = Debug|Any CPU
		{65468153-50B7-489D-A00F-316423D642E1}.Debug|iPhone.ActiveCfg = Debug|Any CPU
		{65468153-50B7-489D-A00F-316423D642E1}.Debug|iPhone.Build.0 = Debug|Any CPU
		{65468153-50B7-489D-A00F-316423D642E1}.Debug|iPhone.Deploy.0 = Debug|Any CPU
		{65468153-50B7-489D-A00F-316423D642E1}.Debug|iPhoneSimulator.ActiveCfg = Debug|Any CPU
		{65468153-50B7-489D-A00F-316423D642E1}.Debug|iPhoneSimulator.Build.0 = Debug|Any CPU
		{65468153-50B7-489D-A00F-316423D642E1}.Debug|iPhoneSimulator.Deploy.0 = Debug|Any CPU
		{65468153-50B7-489D-A00F-316423D642E1}.Debug|x64.ActiveCfg = Debug|Any CPU
		{65468153-50B7-489D-A00F-316423D642E1}.Debug|x64.Build.0 = Debug|Any CPU
		{65468153-50B7-489D-A00F-316423D642E1}.Debug|x64.Deploy.0 = Debug|Any CPU
		{65468153-50B7-489D-A00F-316423D642E1}.Debug|x86.ActiveCfg = Debug|Any CPU
		{65468153-50B7-489D-A00F-316423D642E1}.Debug|x86.Build.0 = Debug|Any CPU
		{65468153-50B7-489D-A00F-316423D642E1}.Debug|x86.Deploy.0 = Debug|Any CPU
		{65468153-50B7-489D-A00F-316423D642E1}.Release|Any CPU.ActiveCfg = Release|Any CPU
		{65468153-50B7-489D-A00F-316423D642E1}.Release|Any CPU.Build.0 = Release|Any CPU
		{65468153-50B7-489D-A00F-316423D642E1}.Release|Any CPU.Deploy.0 = Release|Any CPU
		{65468153-50B7-489D-A00F-316423D642E1}.Release|ARM.ActiveCfg = Release|Any CPU
		{65468153-50B7-489D-A00F-316423D642E1}.Release|ARM.Build.0 = Release|Any CPU
		{65468153-50B7-489D-A00F-316423D642E1}.Release|ARM.Deploy.0 = Release|Any CPU
		{65468153-50B7-489D-A00F-316423D642E1}.Release|iPhone.ActiveCfg = Release|Any CPU
		{65468153-50B7-489D-A00F-316423D642E1}.Release|iPhone.Build.0 = Release|Any CPU
		{65468153-50B7-489D-A00F-316423D642E1}.Release|iPhone.Deploy.0 = Release|Any CPU
		{65468153-50B7-489D-A00F-316423D642E1}.Release|iPhoneSimulator.ActiveCfg = Release|Any CPU
		{65468153-50B7-489D-A00F-316423D642E1}.Release|iPhoneSimulator.Build.0 = Release|Any CPU
		{65468153-50B7-489D-A00F-316423D642E1}.Release|iPhoneSimulator.Deploy.0 = Release|Any CPU
		{65468153-50B7-489D-A00F-316423D642E1}.Release|x64.ActiveCfg = Release|Any CPU
		{65468153-50B7-489D-A00F-316423D642E1}.Release|x64.Build.0 = Release|Any CPU
		{65468153-50B7-489D-A00F-316423D642E1}.Release|x64.Deploy.0 = Release|Any CPU
		{65468153-50B7-489D-A00F-316423D642E1}.Release|x86.ActiveCfg = Release|Any CPU
		{65468153-50B7-489D-A00F-316423D642E1}.Release|x86.Build.0 = Release|Any CPU
		{65468153-50B7-489D-A00F-316423D642E1}.Release|x86.Deploy.0 = Release|Any CPU
		{E500D76B-451A-49E1-A776-6DF6E106F882}.Ad-Hoc|Any CPU.ActiveCfg = Ad-Hoc|iPhone
		{E500D76B-451A-49E1-A776-6DF6E106F882}.Ad-Hoc|ARM.ActiveCfg = Ad-Hoc|iPhone
		{E500D76B-451A-49E1-A776-6DF6E106F882}.Ad-Hoc|iPhone.ActiveCfg = Ad-Hoc|iPhone
		{E500D76B-451A-49E1-A776-6DF6E106F882}.Ad-Hoc|iPhone.Build.0 = Ad-Hoc|iPhone
		{E500D76B-451A-49E1-A776-6DF6E106F882}.Ad-Hoc|iPhoneSimulator.ActiveCfg = Ad-Hoc|iPhoneSimulator
		{E500D76B-451A-49E1-A776-6DF6E106F882}.Ad-Hoc|iPhoneSimulator.Build.0 = Ad-Hoc|iPhoneSimulator
		{E500D76B-451A-49E1-A776-6DF6E106F882}.Ad-Hoc|x64.ActiveCfg = Ad-Hoc|iPhone
		{E500D76B-451A-49E1-A776-6DF6E106F882}.Ad-Hoc|x86.ActiveCfg = Ad-Hoc|iPhone
		{E500D76B-451A-49E1-A776-6DF6E106F882}.AppStore|Any CPU.ActiveCfg = AppStore|iPhone
		{E500D76B-451A-49E1-A776-6DF6E106F882}.AppStore|ARM.ActiveCfg = AppStore|iPhone
		{E500D76B-451A-49E1-A776-6DF6E106F882}.AppStore|iPhone.ActiveCfg = AppStore|iPhone
		{E500D76B-451A-49E1-A776-6DF6E106F882}.AppStore|iPhone.Build.0 = AppStore|iPhone
		{E500D76B-451A-49E1-A776-6DF6E106F882}.AppStore|iPhoneSimulator.ActiveCfg = AppStore|iPhoneSimulator
		{E500D76B-451A-49E1-A776-6DF6E106F882}.AppStore|iPhoneSimulator.Build.0 = AppStore|iPhoneSimulator
		{E500D76B-451A-49E1-A776-6DF6E106F882}.AppStore|x64.ActiveCfg = AppStore|iPhone
		{E500D76B-451A-49E1-A776-6DF6E106F882}.AppStore|x86.ActiveCfg = AppStore|iPhone
		{E500D76B-451A-49E1-A776-6DF6E106F882}.Debug|Any CPU.ActiveCfg = Debug|iPhone
		{E500D76B-451A-49E1-A776-6DF6E106F882}.Debug|ARM.ActiveCfg = Debug|iPhone
		{E500D76B-451A-49E1-A776-6DF6E106F882}.Debug|iPhone.ActiveCfg = Debug|iPhone
		{E500D76B-451A-49E1-A776-6DF6E106F882}.Debug|iPhone.Build.0 = Debug|iPhone
		{E500D76B-451A-49E1-A776-6DF6E106F882}.Debug|iPhoneSimulator.ActiveCfg = Debug|iPhoneSimulator
		{E500D76B-451A-49E1-A776-6DF6E106F882}.Debug|iPhoneSimulator.Build.0 = Debug|iPhoneSimulator
		{E500D76B-451A-49E1-A776-6DF6E106F882}.Debug|x64.ActiveCfg = Debug|iPhone
		{E500D76B-451A-49E1-A776-6DF6E106F882}.Debug|x86.ActiveCfg = Debug|iPhone
		{E500D76B-451A-49E1-A776-6DF6E106F882}.Release|Any CPU.ActiveCfg = Release|iPhone
		{E500D76B-451A-49E1-A776-6DF6E106F882}.Release|ARM.ActiveCfg = Release|iPhone
		{E500D76B-451A-49E1-A776-6DF6E106F882}.Release|iPhone.ActiveCfg = Release|iPhone
		{E500D76B-451A-49E1-A776-6DF6E106F882}.Release|iPhone.Build.0 = Release|iPhone
		{E500D76B-451A-49E1-A776-6DF6E106F882}.Release|iPhoneSimulator.ActiveCfg = Release|iPhoneSimulator
		{E500D76B-451A-49E1-A776-6DF6E106F882}.Release|iPhoneSimulator.Build.0 = Release|iPhoneSimulator
		{E500D76B-451A-49E1-A776-6DF6E106F882}.Release|x64.ActiveCfg = Release|iPhone
		{E500D76B-451A-49E1-A776-6DF6E106F882}.Release|x86.ActiveCfg = Release|iPhone
		{F7B975A4-35D5-48B5-8F7C-A49A4A320FEB}.Ad-Hoc|Any CPU.ActiveCfg = Release|x86
		{F7B975A4-35D5-48B5-8F7C-A49A4A320FEB}.Ad-Hoc|Any CPU.Build.0 = Release|x86
		{F7B975A4-35D5-48B5-8F7C-A49A4A320FEB}.Ad-Hoc|Any CPU.Deploy.0 = Release|x86
		{F7B975A4-35D5-48B5-8F7C-A49A4A320FEB}.Ad-Hoc|ARM.ActiveCfg = Release|ARM
		{F7B975A4-35D5-48B5-8F7C-A49A4A320FEB}.Ad-Hoc|ARM.Build.0 = Release|ARM
		{F7B975A4-35D5-48B5-8F7C-A49A4A320FEB}.Ad-Hoc|ARM.Deploy.0 = Release|ARM
		{F7B975A4-35D5-48B5-8F7C-A49A4A320FEB}.Ad-Hoc|iPhone.ActiveCfg = Release|x86
		{F7B975A4-35D5-48B5-8F7C-A49A4A320FEB}.Ad-Hoc|iPhone.Build.0 = Release|x86
		{F7B975A4-35D5-48B5-8F7C-A49A4A320FEB}.Ad-Hoc|iPhone.Deploy.0 = Release|x86
		{F7B975A4-35D5-48B5-8F7C-A49A4A320FEB}.Ad-Hoc|iPhoneSimulator.ActiveCfg = Release|x86
		{F7B975A4-35D5-48B5-8F7C-A49A4A320FEB}.Ad-Hoc|iPhoneSimulator.Build.0 = Release|x86
		{F7B975A4-35D5-48B5-8F7C-A49A4A320FEB}.Ad-Hoc|iPhoneSimulator.Deploy.0 = Release|x86
		{F7B975A4-35D5-48B5-8F7C-A49A4A320FEB}.Ad-Hoc|x64.ActiveCfg = Release|x64
		{F7B975A4-35D5-48B5-8F7C-A49A4A320FEB}.Ad-Hoc|x64.Build.0 = Release|x64
		{F7B975A4-35D5-48B5-8F7C-A49A4A320FEB}.Ad-Hoc|x64.Deploy.0 = Release|x64
		{F7B975A4-35D5-48B5-8F7C-A49A4A320FEB}.Ad-Hoc|x86.ActiveCfg = Release|x86
		{F7B975A4-35D5-48B5-8F7C-A49A4A320FEB}.Ad-Hoc|x86.Build.0 = Release|x86
		{F7B975A4-35D5-48B5-8F7C-A49A4A320FEB}.Ad-Hoc|x86.Deploy.0 = Release|x86
		{F7B975A4-35D5-48B5-8F7C-A49A4A320FEB}.AppStore|Any CPU.ActiveCfg = Release|x86
		{F7B975A4-35D5-48B5-8F7C-A49A4A320FEB}.AppStore|Any CPU.Build.0 = Release|x86
		{F7B975A4-35D5-48B5-8F7C-A49A4A320FEB}.AppStore|Any CPU.Deploy.0 = Release|x86
		{F7B975A4-35D5-48B5-8F7C-A49A4A320FEB}.AppStore|ARM.ActiveCfg = Release|ARM
		{F7B975A4-35D5-48B5-8F7C-A49A4A320FEB}.AppStore|ARM.Build.0 = Release|ARM
		{F7B975A4-35D5-48B5-8F7C-A49A4A320FEB}.AppStore|ARM.Deploy.0 = Release|ARM
		{F7B975A4-35D5-48B5-8F7C-A49A4A320FEB}.AppStore|iPhone.ActiveCfg = Release|x86
		{F7B975A4-35D5-48B5-8F7C-A49A4A320FEB}.AppStore|iPhone.Build.0 = Release|x86
		{F7B975A4-35D5-48B5-8F7C-A49A4A320FEB}.AppStore|iPhone.Deploy.0 = Release|x86
		{F7B975A4-35D5-48B5-8F7C-A49A4A320FEB}.AppStore|iPhoneSimulator.ActiveCfg = Release|x86
		{F7B975A4-35D5-48B5-8F7C-A49A4A320FEB}.AppStore|iPhoneSimulator.Build.0 = Release|x86
		{F7B975A4-35D5-48B5-8F7C-A49A4A320FEB}.AppStore|iPhoneSimulator.Deploy.0 = Release|x86
		{F7B975A4-35D5-48B5-8F7C-A49A4A320FEB}.AppStore|x64.ActiveCfg = Release|x64
		{F7B975A4-35D5-48B5-8F7C-A49A4A320FEB}.AppStore|x64.Build.0 = Release|x64
		{F7B975A4-35D5-48B5-8F7C-A49A4A320FEB}.AppStore|x64.Deploy.0 = Release|x64
		{F7B975A4-35D5-48B5-8F7C-A49A4A320FEB}.AppStore|x86.ActiveCfg = Release|x86
		{F7B975A4-35D5-48B5-8F7C-A49A4A320FEB}.AppStore|x86.Build.0 = Release|x86
		{F7B975A4-35D5-48B5-8F7C-A49A4A320FEB}.AppStore|x86.Deploy.0 = Release|x86
		{F7B975A4-35D5-48B5-8F7C-A49A4A320FEB}.Debug|Any CPU.ActiveCfg = Debug|x86
		{F7B975A4-35D5-48B5-8F7C-A49A4A320FEB}.Debug|ARM.ActiveCfg = Debug|ARM
		{F7B975A4-35D5-48B5-8F7C-A49A4A320FEB}.Debug|ARM.Build.0 = Debug|ARM
		{F7B975A4-35D5-48B5-8F7C-A49A4A320FEB}.Debug|ARM.Deploy.0 = Debug|ARM
		{F7B975A4-35D5-48B5-8F7C-A49A4A320FEB}.Debug|iPhone.ActiveCfg = Debug|x86
		{F7B975A4-35D5-48B5-8F7C-A49A4A320FEB}.Debug|iPhoneSimulator.ActiveCfg = Debug|x86
		{F7B975A4-35D5-48B5-8F7C-A49A4A320FEB}.Debug|x64.ActiveCfg = Debug|x64
		{F7B975A4-35D5-48B5-8F7C-A49A4A320FEB}.Debug|x64.Build.0 = Debug|x64
		{F7B975A4-35D5-48B5-8F7C-A49A4A320FEB}.Debug|x64.Deploy.0 = Debug|x64
		{F7B975A4-35D5-48B5-8F7C-A49A4A320FEB}.Debug|x86.ActiveCfg = Debug|x86
		{F7B975A4-35D5-48B5-8F7C-A49A4A320FEB}.Debug|x86.Build.0 = Debug|x86
		{F7B975A4-35D5-48B5-8F7C-A49A4A320FEB}.Debug|x86.Deploy.0 = Debug|x86
		{F7B975A4-35D5-48B5-8F7C-A49A4A320FEB}.Release|Any CPU.ActiveCfg = Release|x86
		{F7B975A4-35D5-48B5-8F7C-A49A4A320FEB}.Release|ARM.ActiveCfg = Release|ARM
		{F7B975A4-35D5-48B5-8F7C-A49A4A320FEB}.Release|ARM.Build.0 = Release|ARM
		{F7B975A4-35D5-48B5-8F7C-A49A4A320FEB}.Release|ARM.Deploy.0 = Release|ARM
		{F7B975A4-35D5-48B5-8F7C-A49A4A320FEB}.Release|iPhone.ActiveCfg = Release|x86
		{F7B975A4-35D5-48B5-8F7C-A49A4A320FEB}.Release|iPhoneSimulator.ActiveCfg = Release|x86
		{F7B975A4-35D5-48B5-8F7C-A49A4A320FEB}.Release|x64.ActiveCfg = Release|x64
		{F7B975A4-35D5-48B5-8F7C-A49A4A320FEB}.Release|x64.Build.0 = Release|x64
		{F7B975A4-35D5-48B5-8F7C-A49A4A320FEB}.Release|x64.Deploy.0 = Release|x64
		{F7B975A4-35D5-48B5-8F7C-A49A4A320FEB}.Release|x86.ActiveCfg = Release|x86
		{F7B975A4-35D5-48B5-8F7C-A49A4A320FEB}.Release|x86.Build.0 = Release|x86
		{F7B975A4-35D5-48B5-8F7C-A49A4A320FEB}.Release|x86.Deploy.0 = Release|x86
	EndGlobalSection
	GlobalSection(SolutionProperties) = preSolution
		HideSolutionNode = FALSE
	EndGlobalSection
EndGlobal
