
Microsoft Visual Studio Solution File, Format Version 12.00
# Visual Studio 15
VisualStudioVersion = 15.0.26228.9
MinimumVisualStudioVersion = 10.0.40219.1
Project("{FAE04EC0-301F-11D3-BF4B-00C04F79EFBC}") = "App3.Android", "App3\App3.Android\App3.Android.csproj", "{8E067EF8-D9B1-41DA-8A71-74D3F7E2191E}"
EndProject
Project("{FAE04EC0-301F-11D3-BF4B-00C04F79EFBC}") = "App3", "App3\App3\App3.csproj", "{CAE100F7-F9B4-48C1-8AA9-7BF911C0DB17}"
EndProject
Project("{FAE04EC0-301F-11D3-BF4B-00C04F79EFBC}") = "App3.UWP", "App3\App3.UWP\App3.UWP.csproj", "{059D3388-8A5E-46A1-A6BC-96C2EACC9F59}"
EndProject
Project("{FAE04EC0-301F-11D3-BF4B-00C04F79EFBC}") = "App3.iOS", "App3\App3.iOS\App3.iOS.csproj", "{002389AF-5378-47D2-AA7E-6E3B315CB3F4}"
EndProject
Global
	GlobalSection(SolutionConfigurationPlatforms) = preSolution
		Ad-Hoc|Any CPU = Ad-Hoc|Any CPU
		Ad-Hoc|ARM = Ad-Hoc|ARM
		Ad-Hoc|iPhone = Ad-Hoc|iPhone
		Ad-Hoc|iPhoneSimulator = Ad-Hoc|iPhoneSimulator
		Ad-Hoc|x64 = Ad-Hoc|x64
		Ad-Hoc|x86 = Ad-Hoc|x86
		AppStore|Any CPU = AppStore|Any CPU
		AppStore|ARM = AppStore|ARM
		AppStore|iPhone = AppStore|iPhone
		AppStore|iPhoneSimulator = AppStore|iPhoneSimulator
		AppStore|x64 = AppStore|x64
		AppStore|x86 = AppStore|x86
		Debug|Any CPU = Debug|Any CPU
		Debug|ARM = Debug|ARM
		Debug|iPhone = Debug|iPhone
		Debug|iPhoneSimulator = Debug|iPhoneSimulator
		Debug|x64 = Debug|x64
		Debug|x86 = Debug|x86
		Release|Any CPU = Release|Any CPU
		Release|ARM = Release|ARM
		Release|iPhone = Release|iPhone
		Release|iPhoneSimulator = Release|iPhoneSimulator
		Release|x64 = Release|x64
		Release|x86 = Release|x86
	EndGlobalSection
	GlobalSection(ProjectConfigurationPlatforms) = postSolution
		{8E067EF8-D9B1-41DA-8A71-74D3F7E2191E}.Ad-Hoc|Any CPU.ActiveCfg = Release|Any CPU
		{8E067EF8-D9B1-41DA-8A71-74D3F7E2191E}.Ad-Hoc|Any CPU.Build.0 = Release|Any CPU
		{8E067EF8-D9B1-41DA-8A71-74D3F7E2191E}.Ad-Hoc|Any CPU.Deploy.0 = Release|Any CPU
		{8E067EF8-D9B1-41DA-8A71-74D3F7E2191E}.Ad-Hoc|ARM.ActiveCfg = Release|Any CPU
		{8E067EF8-D9B1-41DA-8A71-74D3F7E2191E}.Ad-Hoc|ARM.Build.0 = Release|Any CPU
		{8E067EF8-D9B1-41DA-8A71-74D3F7E2191E}.Ad-Hoc|ARM.Deploy.0 = Release|Any CPU
		{8E067EF8-D9B1-41DA-8A71-74D3F7E2191E}.Ad-Hoc|iPhone.ActiveCfg = Release|Any CPU
		{8E067EF8-D9B1-41DA-8A71-74D3F7E2191E}.Ad-Hoc|iPhone.Build.0 = Release|Any CPU
		{8E067EF8-D9B1-41DA-8A71-74D3F7E2191E}.Ad-Hoc|iPhone.Deploy.0 = Release|Any CPU
		{8E067EF8-D9B1-41DA-8A71-74D3F7E2191E}.Ad-Hoc|iPhoneSimulator.ActiveCfg = Release|Any CPU
		{8E067EF8-D9B1-41DA-8A71-74D3F7E2191E}.Ad-Hoc|iPhoneSimulator.Build.0 = Release|Any CPU
		{8E067EF8-D9B1-41DA-8A71-74D3F7E2191E}.Ad-Hoc|iPhoneSimulator.Deploy.0 = Release|Any CPU
		{8E067EF8-D9B1-41DA-8A71-74D3F7E2191E}.Ad-Hoc|x64.ActiveCfg = Release|Any CPU
		{8E067EF8-D9B1-41DA-8A71-74D3F7E2191E}.Ad-Hoc|x64.Build.0 = Release|Any CPU
		{8E067EF8-D9B1-41DA-8A71-74D3F7E2191E}.Ad-Hoc|x64.Deploy.0 = Release|Any CPU
		{8E067EF8-D9B1-41DA-8A71-74D3F7E2191E}.Ad-Hoc|x86.ActiveCfg = Release|Any CPU
		{8E067EF8-D9B1-41DA-8A71-74D3F7E2191E}.Ad-Hoc|x86.Build.0 = Release|Any CPU
		{8E067EF8-D9B1-41DA-8A71-74D3F7E2191E}.Ad-Hoc|x86.Deploy.0 = Release|Any CPU
		{8E067EF8-D9B1-41DA-8A71-74D3F7E2191E}.AppStore|Any CPU.ActiveCfg = Release|Any CPU
		{8E067EF8-D9B1-41DA-8A71-74D3F7E2191E}.AppStore|Any CPU.Build.0 = Release|Any CPU
		{8E067EF8-D9B1-41DA-8A71-74D3F7E2191E}.AppStore|Any CPU.Deploy.0 = Release|Any CPU
		{8E067EF8-D9B1-41DA-8A71-74D3F7E2191E}.AppStore|ARM.ActiveCfg = Release|Any CPU
		{8E067EF8-D9B1-41DA-8A71-74D3F7E2191E}.AppStore|ARM.Build.0 = Release|Any CPU
		{8E067EF8-D9B1-41DA-8A71-74D3F7E2191E}.AppStore|ARM.Deploy.0 = Release|Any CPU
		{8E067EF8-D9B1-41DA-8A71-74D3F7E2191E}.AppStore|iPhone.ActiveCfg = Release|Any CPU
		{8E067EF8-D9B1-41DA-8A71-74D3F7E2191E}.AppStore|iPhone.Build.0 = Release|Any CPU
		{8E067EF8-D9B1-41DA-8A71-74D3F7E2191E}.AppStore|iPhone.Deploy.0 = Release|Any CPU
		{8E067EF8-D9B1-41DA-8A71-74D3F7E2191E}.AppStore|iPhoneSimulator.ActiveCfg = Release|Any CPU
		{8E067EF8-D9B1-41DA-8A71-74D3F7E2191E}.AppStore|iPhoneSimulator.Build.0 = Release|Any CPU
		{8E067EF8-D9B1-41DA-8A71-74D3F7E2191E}.AppStore|iPhoneSimulator.Deploy.0 = Release|Any CPU
		{8E067EF8-D9B1-41DA-8A71-74D3F7E2191E}.AppStore|x64.ActiveCfg = Release|Any CPU
		{8E067EF8-D9B1-41DA-8A71-74D3F7E2191E}.AppStore|x64.Build.0 = Release|Any CPU
		{8E067EF8-D9B1-41DA-8A71-74D3F7E2191E}.AppStore|x64.Deploy.0 = Release|Any CPU
		{8E067EF8-D9B1-41DA-8A71-74D3F7E2191E}.AppStore|x86.ActiveCfg = Release|Any CPU
		{8E067EF8-D9B1-41DA-8A71-74D3F7E2191E}.AppStore|x86.Build.0 = Release|Any CPU
		{8E067EF8-D9B1-41DA-8A71-74D3F7E2191E}.AppStore|x86.Deploy.0 = Release|Any CPU
		{8E067EF8-D9B1-41DA-8A71-74D3F7E2191E}.Debug|Any CPU.ActiveCfg = Debug|Any CPU
		{8E067EF8-D9B1-41DA-8A71-74D3F7E2191E}.Debug|Any CPU.Build.0 = Debug|Any CPU
		{8E067EF8-D9B1-41DA-8A71-74D3F7E2191E}.Debug|Any CPU.Deploy.0 = Debug|Any CPU
		{8E067EF8-D9B1-41DA-8A71-74D3F7E2191E}.Debug|ARM.ActiveCfg = Debug|Any CPU
		{8E067EF8-D9B1-41DA-8A71-74D3F7E2191E}.Debug|ARM.Build.0 = Debug|Any CPU
		{8E067EF8-D9B1-41DA-8A71-74D3F7E2191E}.Debug|ARM.Deploy.0 = Debug|Any CPU
		{8E067EF8-D9B1-41DA-8A71-74D3F7E2191E}.Debug|iPhone.ActiveCfg = Debug|Any CPU
		{8E067EF8-D9B1-41DA-8A71-74D3F7E2191E}.Debug|iPhone.Build.0 = Debug|Any CPU
		{8E067EF8-D9B1-41DA-8A71-74D3F7E2191E}.Debug|iPhone.Deploy.0 = Debug|Any CPU
		{8E067EF8-D9B1-41DA-8A71-74D3F7E2191E}.Debug|iPhoneSimulator.ActiveCfg = Debug|Any CPU
		{8E067EF8-D9B1-41DA-8A71-74D3F7E2191E}.Debug|iPhoneSimulator.Build.0 = Debug|Any CPU
		{8E067EF8-D9B1-41DA-8A71-74D3F7E2191E}.Debug|iPhoneSimulator.Deploy.0 = Debug|Any CPU
		{8E067EF8-D9B1-41DA-8A71-74D3F7E2191E}.Debug|x64.ActiveCfg = Debug|Any CPU
		{8E067EF8-D9B1-41DA-8A71-74D3F7E2191E}.Debug|x64.Build.0 = Debug|Any CPU
		{8E067EF8-D9B1-41DA-8A71-74D3F7E2191E}.Debug|x64.Deploy.0 = Debug|Any CPU
		{8E067EF8-D9B1-41DA-8A71-74D3F7E2191E}.Debug|x86.ActiveCfg = Debug|Any CPU
		{8E067EF8-D9B1-41DA-8A71-74D3F7E2191E}.Debug|x86.Build.0 = Debug|Any CPU
		{8E067EF8-D9B1-41DA-8A71-74D3F7E2191E}.Debug|x86.Deploy.0 = Debug|Any CPU
		{8E067EF8-D9B1-41DA-8A71-74D3F7E2191E}.Release|Any CPU.ActiveCfg = Release|Any CPU
		{8E067EF8-D9B1-41DA-8A71-74D3F7E2191E}.Release|Any CPU.Build.0 = Release|Any CPU
		{8E067EF8-D9B1-41DA-8A71-74D3F7E2191E}.Release|Any CPU.Deploy.0 = Release|Any CPU
		{8E067EF8-D9B1-41DA-8A71-74D3F7E2191E}.Release|ARM.ActiveCfg = Release|Any CPU
		{8E067EF8-D9B1-41DA-8A71-74D3F7E2191E}.Release|ARM.Build.0 = Release|Any CPU
		{8E067EF8-D9B1-41DA-8A71-74D3F7E2191E}.Release|ARM.Deploy.0 = Release|Any CPU
		{8E067EF8-D9B1-41DA-8A71-74D3F7E2191E}.Release|iPhone.ActiveCfg = Release|Any CPU
		{8E067EF8-D9B1-41DA-8A71-74D3F7E2191E}.Release|iPhone.Build.0 = Release|Any CPU
		{8E067EF8-D9B1-41DA-8A71-74D3F7E2191E}.Release|iPhone.Deploy.0 = Release|Any CPU
		{8E067EF8-D9B1-41DA-8A71-74D3F7E2191E}.Release|iPhoneSimulator.ActiveCfg = Release|Any CPU
		{8E067EF8-D9B1-41DA-8A71-74D3F7E2191E}.Release|iPhoneSimulator.Build.0 = Release|Any CPU
		{8E067EF8-D9B1-41DA-8A71-74D3F7E2191E}.Release|iPhoneSimulator.Deploy.0 = Release|Any CPU
		{8E067EF8-D9B1-41DA-8A71-74D3F7E2191E}.Release|x64.ActiveCfg = Release|Any CPU
		{8E067EF8-D9B1-41DA-8A71-74D3F7E2191E}.Release|x64.Build.0 = Release|Any CPU
		{8E067EF8-D9B1-41DA-8A71-74D3F7E2191E}.Release|x64.Deploy.0 = Release|Any CPU
		{8E067EF8-D9B1-41DA-8A71-74D3F7E2191E}.Release|x86.ActiveCfg = Release|Any CPU
		{8E067EF8-D9B1-41DA-8A71-74D3F7E2191E}.Release|x86.Build.0 = Release|Any CPU
		{8E067EF8-D9B1-41DA-8A71-74D3F7E2191E}.Release|x86.Deploy.0 = Release|Any CPU
		{CAE100F7-F9B4-48C1-8AA9-7BF911C0DB17}.Ad-Hoc|Any CPU.ActiveCfg = Release|Any CPU
		{CAE100F7-F9B4-48C1-8AA9-7BF911C0DB17}.Ad-Hoc|Any CPU.Build.0 = Release|Any CPU
		{CAE100F7-F9B4-48C1-8AA9-7BF911C0DB17}.Ad-Hoc|ARM.ActiveCfg = Release|Any CPU
		{CAE100F7-F9B4-48C1-8AA9-7BF911C0DB17}.Ad-Hoc|ARM.Build.0 = Release|Any CPU
		{CAE100F7-F9B4-48C1-8AA9-7BF911C0DB17}.Ad-Hoc|iPhone.ActiveCfg = Release|Any CPU
		{CAE100F7-F9B4-48C1-8AA9-7BF911C0DB17}.Ad-Hoc|iPhone.Build.0 = Release|Any CPU
		{CAE100F7-F9B4-48C1-8AA9-7BF911C0DB17}.Ad-Hoc|iPhoneSimulator.ActiveCfg = Release|Any CPU
		{CAE100F7-F9B4-48C1-8AA9-7BF911C0DB17}.Ad-Hoc|iPhoneSimulator.Build.0 = Release|Any CPU
		{CAE100F7-F9B4-48C1-8AA9-7BF911C0DB17}.Ad-Hoc|x64.ActiveCfg = Release|Any CPU
		{CAE100F7-F9B4-48C1-8AA9-7BF911C0DB17}.Ad-Hoc|x64.Build.0 = Release|Any CPU
		{CAE100F7-F9B4-48C1-8AA9-7BF911C0DB17}.Ad-Hoc|x86.ActiveCfg = Release|Any CPU
		{CAE100F7-F9B4-48C1-8AA9-7BF911C0DB17}.Ad-Hoc|x86.Build.0 = Release|Any CPU
		{CAE100F7-F9B4-48C1-8AA9-7BF911C0DB17}.AppStore|Any CPU.ActiveCfg = Release|Any CPU
		{CAE100F7-F9B4-48C1-8AA9-7BF911C0DB17}.AppStore|Any CPU.Build.0 = Release|Any CPU
		{CAE100F7-F9B4-48C1-8AA9-7BF911C0DB17}.AppStore|ARM.ActiveCfg = Release|Any CPU
		{CAE100F7-F9B4-48C1-8AA9-7BF911C0DB17}.AppStore|ARM.Build.0 = Release|Any CPU
		{CAE100F7-F9B4-48C1-8AA9-7BF911C0DB17}.AppStore|iPhone.ActiveCfg = Release|Any CPU
		{CAE100F7-F9B4-48C1-8AA9-7BF911C0DB17}.AppStore|iPhone.Build.0 = Release|Any CPU
		{CAE100F7-F9B4-48C1-8AA9-7BF911C0DB17}.AppStore|iPhoneSimulator.ActiveCfg = Release|Any CPU
		{CAE100F7-F9B4-48C1-8AA9-7BF911C0DB17}.AppStore|iPhoneSimulator.Build.0 = Release|Any CPU
		{CAE100F7-F9B4-48C1-8AA9-7BF911C0DB17}.AppStore|x64.ActiveCfg = Release|Any CPU
		{CAE100F7-F9B4-48C1-8AA9-7BF911C0DB17}.AppStore|x64.Build.0 = Release|Any CPU
		{CAE100F7-F9B4-48C1-8AA9-7BF911C0DB17}.AppStore|x86.ActiveCfg = Release|Any CPU
		{CAE100F7-F9B4-48C1-8AA9-7BF911C0DB17}.AppStore|x86.Build.0 = Release|Any CPU
		{CAE100F7-F9B4-48C1-8AA9-7BF911C0DB17}.Debug|Any CPU.ActiveCfg = Debug|Any CPU
		{CAE100F7-F9B4-48C1-8AA9-7BF911C0DB17}.Debug|Any CPU.Build.0 = Debug|Any CPU
		{CAE100F7-F9B4-48C1-8AA9-7BF911C0DB17}.Debug|ARM.ActiveCfg = Debug|Any CPU
		{CAE100F7-F9B4-48C1-8AA9-7BF911C0DB17}.Debug|ARM.Build.0 = Debug|Any CPU
		{CAE100F7-F9B4-48C1-8AA9-7BF911C0DB17}.Debug|iPhone.ActiveCfg = Debug|Any CPU
		{CAE100F7-F9B4-48C1-8AA9-7BF911C0DB17}.Debug|iPhone.Build.0 = Debug|Any CPU
		{CAE100F7-F9B4-48C1-8AA9-7BF911C0DB17}.Debug|iPhoneSimulator.ActiveCfg = Debug|Any CPU
		{CAE100F7-F9B4-48C1-8AA9-7BF911C0DB17}.Debug|iPhoneSimulator.Build.0 = Debug|Any CPU
		{CAE100F7-F9B4-48C1-8AA9-7BF911C0DB17}.Debug|x64.ActiveCfg = Debug|Any CPU
		{CAE100F7-F9B4-48C1-8AA9-7BF911C0DB17}.Debug|x64.Build.0 = Debug|Any CPU
		{CAE100F7-F9B4-48C1-8AA9-7BF911C0DB17}.Debug|x86.ActiveCfg = Debug|Any CPU
		{CAE100F7-F9B4-48C1-8AA9-7BF911C0DB17}.Debug|x86.Build.0 = Debug|Any CPU
		{CAE100F7-F9B4-48C1-8AA9-7BF911C0DB17}.Release|Any CPU.ActiveCfg = Release|Any CPU
		{CAE100F7-F9B4-48C1-8AA9-7BF911C0DB17}.Release|Any CPU.Build.0 = Release|Any CPU
		{CAE100F7-F9B4-48C1-8AA9-7BF911C0DB17}.Release|ARM.ActiveCfg = Release|Any CPU
		{CAE100F7-F9B4-48C1-8AA9-7BF911C0DB17}.Release|ARM.Build.0 = Release|Any CPU
		{CAE100F7-F9B4-48C1-8AA9-7BF911C0DB17}.Release|iPhone.ActiveCfg = Release|Any CPU
		{CAE100F7-F9B4-48C1-8AA9-7BF911C0DB17}.Release|iPhone.Build.0 = Release|Any CPU
		{CAE100F7-F9B4-48C1-8AA9-7BF911C0DB17}.Release|iPhoneSimulator.ActiveCfg = Release|Any CPU
		{CAE100F7-F9B4-48C1-8AA9-7BF911C0DB17}.Release|iPhoneSimulator.Build.0 = Release|Any CPU
		{CAE100F7-F9B4-48C1-8AA9-7BF911C0DB17}.Release|x64.ActiveCfg = Release|Any CPU
		{CAE100F7-F9B4-48C1-8AA9-7BF911C0DB17}.Release|x64.Build.0 = Release|Any CPU
		{CAE100F7-F9B4-48C1-8AA9-7BF911C0DB17}.Release|x86.ActiveCfg = Release|Any CPU
		{CAE100F7-F9B4-48C1-8AA9-7BF911C0DB17}.Release|x86.Build.0 = Release|Any CPU
		{059D3388-8A5E-46A1-A6BC-96C2EACC9F59}.Ad-Hoc|Any CPU.ActiveCfg = Release|x86
		{059D3388-8A5E-46A1-A6BC-96C2EACC9F59}.Ad-Hoc|Any CPU.Build.0 = Release|x86
		{059D3388-8A5E-46A1-A6BC-96C2EACC9F59}.Ad-Hoc|Any CPU.Deploy.0 = Release|x86
		{059D3388-8A5E-46A1-A6BC-96C2EACC9F59}.Ad-Hoc|ARM.ActiveCfg = Release|ARM
		{059D3388-8A5E-46A1-A6BC-96C2EACC9F59}.Ad-Hoc|ARM.Build.0 = Release|ARM
		{059D3388-8A5E-46A1-A6BC-96C2EACC9F59}.Ad-Hoc|ARM.Deploy.0 = Release|ARM
		{059D3388-8A5E-46A1-A6BC-96C2EACC9F59}.Ad-Hoc|iPhone.ActiveCfg = Release|x86
		{059D3388-8A5E-46A1-A6BC-96C2EACC9F59}.Ad-Hoc|iPhone.Build.0 = Release|x86
		{059D3388-8A5E-46A1-A6BC-96C2EACC9F59}.Ad-Hoc|iPhone.Deploy.0 = Release|x86
		{059D3388-8A5E-46A1-A6BC-96C2EACC9F59}.Ad-Hoc|iPhoneSimulator.ActiveCfg = Release|x86
		{059D3388-8A5E-46A1-A6BC-96C2EACC9F59}.Ad-Hoc|iPhoneSimulator.Build.0 = Release|x86
		{059D3388-8A5E-46A1-A6BC-96C2EACC9F59}.Ad-Hoc|iPhoneSimulator.Deploy.0 = Release|x86
		{059D3388-8A5E-46A1-A6BC-96C2EACC9F59}.Ad-Hoc|x64.ActiveCfg = Release|x64
		{059D3388-8A5E-46A1-A6BC-96C2EACC9F59}.Ad-Hoc|x64.Build.0 = Release|x64
		{059D3388-8A5E-46A1-A6BC-96C2EACC9F59}.Ad-Hoc|x64.Deploy.0 = Release|x64
		{059D3388-8A5E-46A1-A6BC-96C2EACC9F59}.Ad-Hoc|x86.ActiveCfg = Release|x86
		{059D3388-8A5E-46A1-A6BC-96C2EACC9F59}.Ad-Hoc|x86.Build.0 = Release|x86
		{059D3388-8A5E-46A1-A6BC-96C2EACC9F59}.Ad-Hoc|x86.Deploy.0 = Release|x86
		{059D3388-8A5E-46A1-A6BC-96C2EACC9F59}.AppStore|Any CPU.ActiveCfg = Release|x86
		{059D3388-8A5E-46A1-A6BC-96C2EACC9F59}.AppStore|Any CPU.Build.0 = Release|x86
		{059D3388-8A5E-46A1-A6BC-96C2EACC9F59}.AppStore|Any CPU.Deploy.0 = Release|x86
		{059D3388-8A5E-46A1-A6BC-96C2EACC9F59}.AppStore|ARM.ActiveCfg = Release|ARM
		{059D3388-8A5E-46A1-A6BC-96C2EACC9F59}.AppStore|ARM.Build.0 = Release|ARM
		{059D3388-8A5E-46A1-A6BC-96C2EACC9F59}.AppStore|ARM.Deploy.0 = Release|ARM
		{059D3388-8A5E-46A1-A6BC-96C2EACC9F59}.AppStore|iPhone.ActiveCfg = Release|x86
		{059D3388-8A5E-46A1-A6BC-96C2EACC9F59}.AppStore|iPhone.Build.0 = Release|x86
		{059D3388-8A5E-46A1-A6BC-96C2EACC9F59}.AppStore|iPhone.Deploy.0 = Release|x86
		{059D3388-8A5E-46A1-A6BC-96C2EACC9F59}.AppStore|iPhoneSimulator.ActiveCfg = Release|x86
		{059D3388-8A5E-46A1-A6BC-96C2EACC9F59}.AppStore|iPhoneSimulator.Build.0 = Release|x86
		{059D3388-8A5E-46A1-A6BC-96C2EACC9F59}.AppStore|iPhoneSimulator.Deploy.0 = Release|x86
		{059D3388-8A5E-46A1-A6BC-96C2EACC9F59}.AppStore|x64.ActiveCfg = Release|x64
		{059D3388-8A5E-46A1-A6BC-96C2EACC9F59}.AppStore|x64.Build.0 = Release|x64
		{059D3388-8A5E-46A1-A6BC-96C2EACC9F59}.AppStore|x64.Deploy.0 = Release|x64
		{059D3388-8A5E-46A1-A6BC-96C2EACC9F59}.AppStore|x86.ActiveCfg = Release|x86
		{059D3388-8A5E-46A1-A6BC-96C2EACC9F59}.AppStore|x86.Build.0 = Release|x86
		{059D3388-8A5E-46A1-A6BC-96C2EACC9F59}.AppStore|x86.Deploy.0 = Release|x86
		{059D3388-8A5E-46A1-A6BC-96C2EACC9F59}.Debug|Any CPU.ActiveCfg = Debug|x86
		{059D3388-8A5E-46A1-A6BC-96C2EACC9F59}.Debug|ARM.ActiveCfg = Debug|ARM
		{059D3388-8A5E-46A1-A6BC-96C2EACC9F59}.Debug|ARM.Build.0 = Debug|ARM
		{059D3388-8A5E-46A1-A6BC-96C2EACC9F59}.Debug|ARM.Deploy.0 = Debug|ARM
		{059D3388-8A5E-46A1-A6BC-96C2EACC9F59}.Debug|iPhone.ActiveCfg = Debug|x86
		{059D3388-8A5E-46A1-A6BC-96C2EACC9F59}.Debug|iPhoneSimulator.ActiveCfg = Debug|x86
		{059D3388-8A5E-46A1-A6BC-96C2EACC9F59}.Debug|x64.ActiveCfg = Debug|x64
		{059D3388-8A5E-46A1-A6BC-96C2EACC9F59}.Debug|x64.Build.0 = Debug|x64
		{059D3388-8A5E-46A1-A6BC-96C2EACC9F59}.Debug|x64.Deploy.0 = Debug|x64
		{059D3388-8A5E-46A1-A6BC-96C2EACC9F59}.Debug|x86.ActiveCfg = Debug|x86
		{059D3388-8A5E-46A1-A6BC-96C2EACC9F59}.Debug|x86.Build.0 = Debug|x86
		{059D3388-8A5E-46A1-A6BC-96C2EACC9F59}.Debug|x86.Deploy.0 = Debug|x86
		{059D3388-8A5E-46A1-A6BC-96C2EACC9F59}.Release|Any CPU.ActiveCfg = Release|x86
		{059D3388-8A5E-46A1-A6BC-96C2EACC9F59}.Release|ARM.ActiveCfg = Release|ARM
		{059D3388-8A5E-46A1-A6BC-96C2EACC9F59}.Release|ARM.Build.0 = Release|ARM
		{059D3388-8A5E-46A1-A6BC-96C2EACC9F59}.Release|ARM.Deploy.0 = Release|ARM
		{059D3388-8A5E-46A1-A6BC-96C2EACC9F59}.Release|iPhone.ActiveCfg = Release|x86
		{059D3388-8A5E-46A1-A6BC-96C2EACC9F59}.Release|iPhoneSimulator.ActiveCfg = Release|x86
		{059D3388-8A5E-46A1-A6BC-96C2EACC9F59}.Release|x64.ActiveCfg = Release|x64
		{059D3388-8A5E-46A1-A6BC-96C2EACC9F59}.Release|x64.Build.0 = Release|x64
		{059D3388-8A5E-46A1-A6BC-96C2EACC9F59}.Release|x64.Deploy.0 = Release|x64
		{059D3388-8A5E-46A1-A6BC-96C2EACC9F59}.Release|x86.ActiveCfg = Release|x86
		{059D3388-8A5E-46A1-A6BC-96C2EACC9F59}.Release|x86.Build.0 = Release|x86
		{059D3388-8A5E-46A1-A6BC-96C2EACC9F59}.Release|x86.Deploy.0 = Release|x86
		{002389AF-5378-47D2-AA7E-6E3B315CB3F4}.Ad-Hoc|Any CPU.ActiveCfg = Ad-Hoc|iPhone
		{002389AF-5378-47D2-AA7E-6E3B315CB3F4}.Ad-Hoc|ARM.ActiveCfg = Ad-Hoc|iPhone
		{002389AF-5378-47D2-AA7E-6E3B315CB3F4}.Ad-Hoc|iPhone.ActiveCfg = Ad-Hoc|iPhone
		{002389AF-5378-47D2-AA7E-6E3B315CB3F4}.Ad-Hoc|iPhone.Build.0 = Ad-Hoc|iPhone
		{002389AF-5378-47D2-AA7E-6E3B315CB3F4}.Ad-Hoc|iPhoneSimulator.ActiveCfg = Ad-Hoc|iPhoneSimulator
		{002389AF-5378-47D2-AA7E-6E3B315CB3F4}.Ad-Hoc|iPhoneSimulator.Build.0 = Ad-Hoc|iPhoneSimulator
		{002389AF-5378-47D2-AA7E-6E3B315CB3F4}.Ad-Hoc|x64.ActiveCfg = Ad-Hoc|iPhone
		{002389AF-5378-47D2-AA7E-6E3B315CB3F4}.Ad-Hoc|x86.ActiveCfg = Ad-Hoc|iPhone
		{002389AF-5378-47D2-AA7E-6E3B315CB3F4}.AppStore|Any CPU.ActiveCfg = AppStore|iPhone
		{002389AF-5378-47D2-AA7E-6E3B315CB3F4}.AppStore|ARM.ActiveCfg = AppStore|iPhone
		{002389AF-5378-47D2-AA7E-6E3B315CB3F4}.AppStore|iPhone.ActiveCfg = AppStore|iPhone
		{002389AF-5378-47D2-AA7E-6E3B315CB3F4}.AppStore|iPhone.Build.0 = AppStore|iPhone
		{002389AF-5378-47D2-AA7E-6E3B315CB3F4}.AppStore|iPhoneSimulator.ActiveCfg = AppStore|iPhoneSimulator
		{002389AF-5378-47D2-AA7E-6E3B315CB3F4}.AppStore|iPhoneSimulator.Build.0 = AppStore|iPhoneSimulator
		{002389AF-5378-47D2-AA7E-6E3B315CB3F4}.AppStore|x64.ActiveCfg = AppStore|iPhone
		{002389AF-5378-47D2-AA7E-6E3B315CB3F4}.AppStore|x86.ActiveCfg = AppStore|iPhone
		{002389AF-5378-47D2-AA7E-6E3B315CB3F4}.Debug|Any CPU.ActiveCfg = Debug|iPhone
		{002389AF-5378-47D2-AA7E-6E3B315CB3F4}.Debug|ARM.ActiveCfg = Debug|iPhone
		{002389AF-5378-47D2-AA7E-6E3B315CB3F4}.Debug|iPhone.ActiveCfg = Debug|iPhone
		{002389AF-5378-47D2-AA7E-6E3B315CB3F4}.Debug|iPhone.Build.0 = Debug|iPhone
		{002389AF-5378-47D2-AA7E-6E3B315CB3F4}.Debug|iPhoneSimulator.ActiveCfg = Debug|iPhoneSimulator
		{002389AF-5378-47D2-AA7E-6E3B315CB3F4}.Debug|iPhoneSimulator.Build.0 = Debug|iPhoneSimulator
		{002389AF-5378-47D2-AA7E-6E3B315CB3F4}.Debug|x64.ActiveCfg = Debug|iPhone
		{002389AF-5378-47D2-AA7E-6E3B315CB3F4}.Debug|x86.ActiveCfg = Debug|iPhone
		{002389AF-5378-47D2-AA7E-6E3B315CB3F4}.Release|Any CPU.ActiveCfg = Release|iPhone
		{002389AF-5378-47D2-AA7E-6E3B315CB3F4}.Release|ARM.ActiveCfg = Release|iPhone
		{002389AF-5378-47D2-AA7E-6E3B315CB3F4}.Release|iPhone.ActiveCfg = Release|iPhone
		{002389AF-5378-47D2-AA7E-6E3B315CB3F4}.Release|iPhone.Build.0 = Release|iPhone
		{002389AF-5378-47D2-AA7E-6E3B315CB3F4}.Release|iPhoneSimulator.ActiveCfg = Release|iPhoneSimulator
		{002389AF-5378-47D2-AA7E-6E3B315CB3F4}.Release|iPhoneSimulator.Build.0 = Release|iPhoneSimulator
		{002389AF-5378-47D2-AA7E-6E3B315CB3F4}.Release|x64.ActiveCfg = Release|iPhone
		{002389AF-5378-47D2-AA7E-6E3B315CB3F4}.Release|x86.ActiveCfg = Release|iPhone
	EndGlobalSection
	GlobalSection(SolutionProperties) = preSolution
		HideSolutionNode = FALSE
	EndGlobalSection
EndGlobal
