
Microsoft Visual Studio Solution File, Format Version 12.00
# Visual Studio 14
VisualStudioVersion = 14.0.25420.1
MinimumVisualStudioVersion = 10.0.40219.1
Project("{FAE04EC0-301F-11D3-BF4B-00C04F79EFBC}") = "Get my IP address", "Get my IP address\Get my IP address.csproj", "{7CC52815-3F02-4515-927F-749AA8D427DA}"
EndProject
Global
	GlobalSection(SolutionConfigurationPlatforms) = preSolution
		Debug|Any CPU = Debug|Any CPU
		Release|Any CPU = Release|Any CPU
	EndGlobalSection
	GlobalSection(ProjectConfigurationPlatforms) = postSolution
		{7CC52815-3F02-4515-927F-749AA8D427DA}.Debug|Any CPU.ActiveCfg = Debug|Any CPU
		{7CC52815-3F02-4515-927F-749AA8D427DA}.Debug|Any CPU.Build.0 = Debug|Any CPU
		{7CC52815-3F02-4515-927F-749AA8D427DA}.Release|Any CPU.ActiveCfg = Release|Any CPU
		{7CC52815-3F02-4515-927F-749AA8D427DA}.Release|Any CPU.Build.0 = Release|Any CPU
	EndGlobalSection
	GlobalSection(SolutionProperties) = preSolution
		HideSolutionNode = FALSE
	EndGlobalSection
EndGlobal
