
Microsoft Visual Studio Solution File, Format Version 12.00
# Visual Studio 14
VisualStudioVersion = 14.0.25420.1
MinimumVisualStudioVersion = 10.0.40219.1
Project("{FAE04EC0-301F-11D3-BF4B-00C04F79EFBC}") = "Client6", "Client6\Client6.csproj", "{B29A08A3-36DA-4284-A551-7CB81D356F0F}"
EndProject
Global
	GlobalSection(SolutionConfigurationPlatforms) = preSolution
		Debug|Any CPU = Debug|Any CPU
		Release|Any CPU = Release|Any CPU
	EndGlobalSection
	GlobalSection(ProjectConfigurationPlatforms) = postSolution
		{B29A08A3-36DA-4284-A551-7CB81D356F0F}.Debug|Any CPU.ActiveCfg = Debug|Any CPU
		{B29A08A3-36DA-4284-A551-7CB81D356F0F}.Debug|Any CPU.Build.0 = Debug|Any CPU
		{B29A08A3-36DA-4284-A551-7CB81D356F0F}.Debug|Any CPU.Deploy.0 = Debug|Any CPU
		{B29A08A3-36DA-4284-A551-7CB81D356F0F}.Release|Any CPU.ActiveCfg = Release|Any CPU
		{B29A08A3-36DA-4284-A551-7CB81D356F0F}.Release|Any CPU.Build.0 = Release|Any CPU
		{B29A08A3-36DA-4284-A551-7CB81D356F0F}.Release|Any CPU.Deploy.0 = Release|Any CPU
	EndGlobalSection
	GlobalSection(SolutionProperties) = preSolution
		HideSolutionNode = FALSE
	EndGlobalSection
EndGlobal
